
Microsoft Visual Studio Solution File, Format Version 12.00
# Visual Studio 15
VisualStudioVersion = 15.0.26124.0
MinimumVisualStudioVersion = 15.0.26124.0
Project("{2150E333-8FDC-42A3-9474-1A3956D46DE8}") = "DataModel", "DataModel", "{83197DCA-4624-4ACF-98A2-6243072FF9ED}"
EndProject
Project("{FAE04EC0-301F-11D3-BF4B-00C04F79EFBC}") = "DataModel", "DataModel\DataModel\DataModel.csproj", "{A13C59C3-6532-4C2E-AF98-65A463D667CA}"
EndProject
Project("{FAE04EC0-301F-11D3-BF4B-00C04F79EFBC}") = "DataModel.Implementation", "DataModel\DataModel.Implementation\DataModel.Implementation.csproj", "{1219D6A9-D2A9-4DCB-98C0-11B50ACE36D6}"
EndProject
Project("{FAE04EC0-301F-11D3-BF4B-00C04F79EFBC}") = "DataModel.Parsing", "DataModel\DataModel.Parsing\DataModel.Parsing.csproj", "{15F14E1F-859C-4B93-AF89-BDC2F4EC1633}"
EndProject
Project("{FAE04EC0-301F-11D3-BF4B-00C04F79EFBC}") = "DataModel.Parsing.Implementation", "DataModel\DataModel.Parsing.Implementation\DataModel.Parsing.Implementation.csproj", "{CA8FDB21-E27D-4AB4-8457-C51ECB60D2B5}"
EndProject
Project("{2150E333-8FDC-42A3-9474-1A3956D46DE8}") = "Experimenter", "Experimenter", "{71F7481F-2145-41C5-B9AC-1871D827FBED}"
EndProject
Project("{FAE04EC0-301F-11D3-BF4B-00C04F79EFBC}") = "Experimenter.Application", "Experimenter\Experimenter.Application\Experimenter.Application.csproj", "{37E8A88C-6ED3-483B-A0FF-6BD45065066A}"
EndProject
Project("{FAE04EC0-301F-11D3-BF4B-00C04F79EFBC}") = "Experimenter.UI", "Experimenter\Experimenter.UI\Experimenter.UI.csproj", "{4E66C7EA-A42D-44AC-93C6-489AFE6E3185}"
EndProject
Project("{2150E333-8FDC-42A3-9474-1A3956D46DE8}") = "Investigator", "Investigator", "{24AA0757-AE66-421B-94B9-67923EF5D366}"
EndProject
Project("{FAE04EC0-301F-11D3-BF4B-00C04F79EFBC}") = "Investigator.Application", "Investigator\Investigator.Application\Investigator.Application.csproj", "{7CF41FE3-1765-4FDB-8B85-8A3653D47131}"
EndProject
Project("{FAE04EC0-301F-11D3-BF4B-00C04F79EFBC}") = "Investigator.UI", "Investigator\Investigator.UI\Investigator.UI.csproj", "{AC695D67-27CC-4D74-A3C4-71209AFD1A3F}"
EndProject
Global
	GlobalSection(SolutionConfigurationPlatforms) = preSolution
		Debug|Any CPU = Debug|Any CPU
		Debug|x64 = Debug|x64
		Debug|x86 = Debug|x86
		Release|Any CPU = Release|Any CPU
		Release|x64 = Release|x64
		Release|x86 = Release|x86
	EndGlobalSection
	GlobalSection(SolutionProperties) = preSolution
		HideSolutionNode = FALSE
	EndGlobalSection
	GlobalSection(ProjectConfigurationPlatforms) = postSolution
		{A13C59C3-6532-4C2E-AF98-65A463D667CA}.Debug|Any CPU.ActiveCfg = Debug|Any CPU
		{A13C59C3-6532-4C2E-AF98-65A463D667CA}.Debug|Any CPU.Build.0 = Debug|Any CPU
		{A13C59C3-6532-4C2E-AF98-65A463D667CA}.Debug|x64.ActiveCfg = Debug|Any CPU
		{A13C59C3-6532-4C2E-AF98-65A463D667CA}.Debug|x64.Build.0 = Debug|Any CPU
		{A13C59C3-6532-4C2E-AF98-65A463D667CA}.Debug|x86.ActiveCfg = Debug|Any CPU
		{A13C59C3-6532-4C2E-AF98-65A463D667CA}.Debug|x86.Build.0 = Debug|Any CPU
		{A13C59C3-6532-4C2E-AF98-65A463D667CA}.Release|Any CPU.ActiveCfg = Release|Any CPU
		{A13C59C3-6532-4C2E-AF98-65A463D667CA}.Release|Any CPU.Build.0 = Release|Any CPU
		{A13C59C3-6532-4C2E-AF98-65A463D667CA}.Release|x64.ActiveCfg = Release|Any CPU
		{A13C59C3-6532-4C2E-AF98-65A463D667CA}.Release|x64.Build.0 = Release|Any CPU
		{A13C59C3-6532-4C2E-AF98-65A463D667CA}.Release|x86.ActiveCfg = Release|Any CPU
		{A13C59C3-6532-4C2E-AF98-65A463D667CA}.Release|x86.Build.0 = Release|Any CPU
		{1219D6A9-D2A9-4DCB-98C0-11B50ACE36D6}.Debug|Any CPU.ActiveCfg = Debug|Any CPU
		{1219D6A9-D2A9-4DCB-98C0-11B50ACE36D6}.Debug|Any CPU.Build.0 = Debug|Any CPU
		{1219D6A9-D2A9-4DCB-98C0-11B50ACE36D6}.Debug|x64.ActiveCfg = Debug|Any CPU
		{1219D6A9-D2A9-4DCB-98C0-11B50ACE36D6}.Debug|x64.Build.0 = Debug|Any CPU
		{1219D6A9-D2A9-4DCB-98C0-11B50ACE36D6}.Debug|x86.ActiveCfg = Debug|Any CPU
		{1219D6A9-D2A9-4DCB-98C0-11B50ACE36D6}.Debug|x86.Build.0 = Debug|Any CPU
		{1219D6A9-D2A9-4DCB-98C0-11B50ACE36D6}.Release|Any CPU.ActiveCfg = Release|Any CPU
		{1219D6A9-D2A9-4DCB-98C0-11B50ACE36D6}.Release|Any CPU.Build.0 = Release|Any CPU
		{1219D6A9-D2A9-4DCB-98C0-11B50ACE36D6}.Release|x64.ActiveCfg = Release|Any CPU
		{1219D6A9-D2A9-4DCB-98C0-11B50ACE36D6}.Release|x64.Build.0 = Release|Any CPU
		{1219D6A9-D2A9-4DCB-98C0-11B50ACE36D6}.Release|x86.ActiveCfg = Release|Any CPU
		{1219D6A9-D2A9-4DCB-98C0-11B50ACE36D6}.Release|x86.Build.0 = Release|Any CPU
		{15F14E1F-859C-4B93-AF89-BDC2F4EC1633}.Debug|Any CPU.ActiveCfg = Debug|Any CPU
		{15F14E1F-859C-4B93-AF89-BDC2F4EC1633}.Debug|Any CPU.Build.0 = Debug|Any CPU
		{15F14E1F-859C-4B93-AF89-BDC2F4EC1633}.Debug|x64.ActiveCfg = Debug|Any CPU
		{15F14E1F-859C-4B93-AF89-BDC2F4EC1633}.Debug|x64.Build.0 = Debug|Any CPU
		{15F14E1F-859C-4B93-AF89-BDC2F4EC1633}.Debug|x86.ActiveCfg = Debug|Any CPU
		{15F14E1F-859C-4B93-AF89-BDC2F4EC1633}.Debug|x86.Build.0 = Debug|Any CPU
		{15F14E1F-859C-4B93-AF89-BDC2F4EC1633}.Release|Any CPU.ActiveCfg = Release|Any CPU
		{15F14E1F-859C-4B93-AF89-BDC2F4EC1633}.Release|Any CPU.Build.0 = Release|Any CPU
		{15F14E1F-859C-4B93-AF89-BDC2F4EC1633}.Release|x64.ActiveCfg = Release|Any CPU
		{15F14E1F-859C-4B93-AF89-BDC2F4EC1633}.Release|x64.Build.0 = Release|Any CPU
		{15F14E1F-859C-4B93-AF89-BDC2F4EC1633}.Release|x86.ActiveCfg = Release|Any CPU
		{15F14E1F-859C-4B93-AF89-BDC2F4EC1633}.Release|x86.Build.0 = Release|Any CPU
		{CA8FDB21-E27D-4AB4-8457-C51ECB60D2B5}.Debug|Any CPU.ActiveCfg = Debug|Any CPU
		{CA8FDB21-E27D-4AB4-8457-C51ECB60D2B5}.Debug|Any CPU.Build.0 = Debug|Any CPU
		{CA8FDB21-E27D-4AB4-8457-C51ECB60D2B5}.Debug|x64.ActiveCfg = Debug|Any CPU
		{CA8FDB21-E27D-4AB4-8457-C51ECB60D2B5}.Debug|x64.Build.0 = Debug|Any CPU
		{CA8FDB21-E27D-4AB4-8457-C51ECB60D2B5}.Debug|x86.ActiveCfg = Debug|Any CPU
		{CA8FDB21-E27D-4AB4-8457-C51ECB60D2B5}.Debug|x86.Build.0 = Debug|Any CPU
		{CA8FDB21-E27D-4AB4-8457-C51ECB60D2B5}.Release|Any CPU.ActiveCfg = Release|Any CPU
		{CA8FDB21-E27D-4AB4-8457-C51ECB60D2B5}.Release|Any CPU.Build.0 = Release|Any CPU
		{CA8FDB21-E27D-4AB4-8457-C51ECB60D2B5}.Release|x64.ActiveCfg = Release|Any CPU
		{CA8FDB21-E27D-4AB4-8457-C51ECB60D2B5}.Release|x64.Build.0 = Release|Any CPU
		{CA8FDB21-E27D-4AB4-8457-C51ECB60D2B5}.Release|x86.ActiveCfg = Release|Any CPU
		{CA8FDB21-E27D-4AB4-8457-C51ECB60D2B5}.Release|x86.Build.0 = Release|Any CPU
		{37E8A88C-6ED3-483B-A0FF-6BD45065066A}.Debug|Any CPU.ActiveCfg = Debug|Any CPU
		{37E8A88C-6ED3-483B-A0FF-6BD45065066A}.Debug|Any CPU.Build.0 = Debug|Any CPU
		{37E8A88C-6ED3-483B-A0FF-6BD45065066A}.Debug|x64.ActiveCfg = Debug|Any CPU
		{37E8A88C-6ED3-483B-A0FF-6BD45065066A}.Debug|x64.Build.0 = Debug|Any CPU
		{37E8A88C-6ED3-483B-A0FF-6BD45065066A}.Debug|x86.ActiveCfg = Debug|Any CPU
		{37E8A88C-6ED3-483B-A0FF-6BD45065066A}.Debug|x86.Build.0 = Debug|Any CPU
		{37E8A88C-6ED3-483B-A0FF-6BD45065066A}.Release|Any CPU.ActiveCfg = Release|Any CPU
		{37E8A88C-6ED3-483B-A0FF-6BD45065066A}.Release|Any CPU.Build.0 = Release|Any CPU
		{37E8A88C-6ED3-483B-A0FF-6BD45065066A}.Release|x64.ActiveCfg = Release|Any CPU
		{37E8A88C-6ED3-483B-A0FF-6BD45065066A}.Release|x64.Build.0 = Release|Any CPU
		{37E8A88C-6ED3-483B-A0FF-6BD45065066A}.Release|x86.ActiveCfg = Release|Any CPU
		{37E8A88C-6ED3-483B-A0FF-6BD45065066A}.Release|x86.Build.0 = Release|Any CPU
		{4E66C7EA-A42D-44AC-93C6-489AFE6E3185}.Debug|Any CPU.ActiveCfg = Debug|Any CPU
		{4E66C7EA-A42D-44AC-93C6-489AFE6E3185}.Debug|Any CPU.Build.0 = Debug|Any CPU
		{4E66C7EA-A42D-44AC-93C6-489AFE6E3185}.Debug|x64.ActiveCfg = Debug|Any CPU
		{4E66C7EA-A42D-44AC-93C6-489AFE6E3185}.Debug|x64.Build.0 = Debug|Any CPU
		{4E66C7EA-A42D-44AC-93C6-489AFE6E3185}.Debug|x86.ActiveCfg = Debug|Any CPU
		{4E66C7EA-A42D-44AC-93C6-489AFE6E3185}.Debug|x86.Build.0 = Debug|Any CPU
		{4E66C7EA-A42D-44AC-93C6-489AFE6E3185}.Release|Any CPU.ActiveCfg = Release|Any CPU
		{4E66C7EA-A42D-44AC-93C6-489AFE6E3185}.Release|Any CPU.Build.0 = Release|Any CPU
		{4E66C7EA-A42D-44AC-93C6-489AFE6E3185}.Release|x64.ActiveCfg = Release|Any CPU
		{4E66C7EA-A42D-44AC-93C6-489AFE6E3185}.Release|x64.Build.0 = Release|Any CPU
		{4E66C7EA-A42D-44AC-93C6-489AFE6E3185}.Release|x86.ActiveCfg = Release|Any CPU
		{4E66C7EA-A42D-44AC-93C6-489AFE6E3185}.Release|x86.Build.0 = Release|Any CPU
		{7CF41FE3-1765-4FDB-8B85-8A3653D47131}.Debug|Any CPU.ActiveCfg = Debug|Any CPU
		{7CF41FE3-1765-4FDB-8B85-8A3653D47131}.Debug|Any CPU.Build.0 = Debug|Any CPU
		{7CF41FE3-1765-4FDB-8B85-8A3653D47131}.Debug|x64.ActiveCfg = Debug|Any CPU
		{7CF41FE3-1765-4FDB-8B85-8A3653D47131}.Debug|x64.Build.0 = Debug|Any CPU
		{7CF41FE3-1765-4FDB-8B85-8A3653D47131}.Debug|x86.ActiveCfg = Debug|Any CPU
		{7CF41FE3-1765-4FDB-8B85-8A3653D47131}.Debug|x86.Build.0 = Debug|Any CPU
		{7CF41FE3-1765-4FDB-8B85-8A3653D47131}.Release|Any CPU.ActiveCfg = Release|Any CPU
		{7CF41FE3-1765-4FDB-8B85-8A3653D47131}.Release|Any CPU.Build.0 = Release|Any CPU
		{7CF41FE3-1765-4FDB-8B85-8A3653D47131}.Release|x64.ActiveCfg = Release|Any CPU
		{7CF41FE3-1765-4FDB-8B85-8A3653D47131}.Release|x64.Build.0 = Release|Any CPU
		{7CF41FE3-1765-4FDB-8B85-8A3653D47131}.Release|x86.ActiveCfg = Release|Any CPU
		{7CF41FE3-1765-4FDB-8B85-8A3653D47131}.Release|x86.Build.0 = Release|Any CPU
		{AC695D67-27CC-4D74-A3C4-71209AFD1A3F}.Debug|Any CPU.ActiveCfg = Debug|Any CPU
		{AC695D67-27CC-4D74-A3C4-71209AFD1A3F}.Debug|Any CPU.Build.0 = Debug|Any CPU
		{AC695D67-27CC-4D74-A3C4-71209AFD1A3F}.Debug|x64.ActiveCfg = Debug|Any CPU
		{AC695D67-27CC-4D74-A3C4-71209AFD1A3F}.Debug|x64.Build.0 = Debug|Any CPU
		{AC695D67-27CC-4D74-A3C4-71209AFD1A3F}.Debug|x86.ActiveCfg = Debug|Any CPU
		{AC695D67-27CC-4D74-A3C4-71209AFD1A3F}.Debug|x86.Build.0 = Debug|Any CPU
		{AC695D67-27CC-4D74-A3C4-71209AFD1A3F}.Release|Any CPU.ActiveCfg = Release|Any CPU
		{AC695D67-27CC-4D74-A3C4-71209AFD1A3F}.Release|Any CPU.Build.0 = Release|Any CPU
		{AC695D67-27CC-4D74-A3C4-71209AFD1A3F}.Release|x64.ActiveCfg = Release|Any CPU
		{AC695D67-27CC-4D74-A3C4-71209AFD1A3F}.Release|x64.Build.0 = Release|Any CPU
		{AC695D67-27CC-4D74-A3C4-71209AFD1A3F}.Release|x86.ActiveCfg = Release|Any CPU
		{AC695D67-27CC-4D74-A3C4-71209AFD1A3F}.Release|x86.Build.0 = Release|Any CPU
	EndGlobalSection
	GlobalSection(NestedProjects) = preSolution
		{A13C59C3-6532-4C2E-AF98-65A463D667CA} = {83197DCA-4624-4ACF-98A2-6243072FF9ED}
		{1219D6A9-D2A9-4DCB-98C0-11B50ACE36D6} = {83197DCA-4624-4ACF-98A2-6243072FF9ED}
		{15F14E1F-859C-4B93-AF89-BDC2F4EC1633} = {83197DCA-4624-4ACF-98A2-6243072FF9ED}
		{CA8FDB21-E27D-4AB4-8457-C51ECB60D2B5} = {83197DCA-4624-4ACF-98A2-6243072FF9ED}
		{37E8A88C-6ED3-483B-A0FF-6BD45065066A} = {71F7481F-2145-41C5-B9AC-1871D827FBED}
		{4E66C7EA-A42D-44AC-93C6-489AFE6E3185} = {71F7481F-2145-41C5-B9AC-1871D827FBED}
		{7CF41FE3-1765-4FDB-8B85-8A3653D47131} = {24AA0757-AE66-421B-94B9-67923EF5D366}
		{AC695D67-27CC-4D74-A3C4-71209AFD1A3F} = {24AA0757-AE66-421B-94B9-67923EF5D366}
	EndGlobalSection
EndGlobal
